
Microsoft Visual Studio Solution File, Format Version 12.00
# Visual Studio Version 17
VisualStudioVersion = 17.1.32407.343
MinimumVisualStudioVersion = 10.0.40219.1
Project("{9A19103F-16F7-4668-BE54-9A1E7A4F7556}") = "MSTeams.WebApp", "MSTeams.WebApp\MSTeams.WebApp.csproj", "{6C1CD99D-516D-4D08-A475-F021609C06FA}"
EndProject
Project("{9A19103F-16F7-4668-BE54-9A1E7A4F7556}") = "MyTeamsApp1", "MyTeamsApp1\MyTeamsApp1.csproj", "{0C80E036-2D04-4F17-85A7-F8F9A3143032}"
EndProject
Project("{9A19103F-16F7-4668-BE54-9A1E7A4F7556}") = "MSTeams.NETCoreApp", "MSTeams.NETCoreApp\MSTeams.NETCoreApp.csproj", "{10D83670-11CD-417C-B3B8-95DE157F0231}"
EndProject
Global
	GlobalSection(SolutionConfigurationPlatforms) = preSolution
		Debug|Any CPU = Debug|Any CPU
		Release|Any CPU = Release|Any CPU
	EndGlobalSection
	GlobalSection(ProjectConfigurationPlatforms) = postSolution
		{6C1CD99D-516D-4D08-A475-F021609C06FA}.Debug|Any CPU.ActiveCfg = Debug|Any CPU
		{6C1CD99D-516D-4D08-A475-F021609C06FA}.Debug|Any CPU.Build.0 = Debug|Any CPU
		{6C1CD99D-516D-4D08-A475-F021609C06FA}.Release|Any CPU.ActiveCfg = Release|Any CPU
		{6C1CD99D-516D-4D08-A475-F021609C06FA}.Release|Any CPU.Build.0 = Release|Any CPU
		{0C80E036-2D04-4F17-85A7-F8F9A3143032}.Debug|Any CPU.ActiveCfg = Debug|Any CPU
		{0C80E036-2D04-4F17-85A7-F8F9A3143032}.Debug|Any CPU.Build.0 = Debug|Any CPU
		{0C80E036-2D04-4F17-85A7-F8F9A3143032}.Release|Any CPU.ActiveCfg = Release|Any CPU
		{0C80E036-2D04-4F17-85A7-F8F9A3143032}.Release|Any CPU.Build.0 = Release|Any CPU
		{10D83670-11CD-417C-B3B8-95DE157F0231}.Debug|Any CPU.ActiveCfg = Debug|Any CPU
		{10D83670-11CD-417C-B3B8-95DE157F0231}.Debug|Any CPU.Build.0 = Debug|Any CPU
		{10D83670-11CD-417C-B3B8-95DE157F0231}.Release|Any CPU.ActiveCfg = Release|Any CPU
		{10D83670-11CD-417C-B3B8-95DE157F0231}.Release|Any CPU.Build.0 = Release|Any CPU
	EndGlobalSection
	GlobalSection(SolutionProperties) = preSolution
		HideSolutionNode = FALSE
	EndGlobalSection
	GlobalSection(ExtensibilityGlobals) = postSolution
		SolutionGuid = {FE0BEAFE-6897-4174-B787-6ED08B35F737}
	EndGlobalSection
EndGlobal
